
Microsoft Visual Studio Solution File, Format Version 12.00
# Visual Studio Version 16
VisualStudioVersion = 16.0.33927.289
MinimumVisualStudioVersion = 10.0.40219.1
Project("{2150E333-8FDC-42A3-9474-1A3956D46DE8}") = "Task0", "Task0", "{86F484D9-7B38-4208-9437-F65C5686FF0A}"
EndProject
Project("{FAE04EC0-301F-11D3-BF4B-00C04F79EFBC}") = "Tyuiu.GutsuAV.Sprint3.Task0.V11", "Tyuiu.GutsuAV.Sprint3.Task0.V11\Tyuiu.GutsuAV.Sprint3.Task0.V11.csproj", "{066C70F3-BA7E-4052-A8B4-0506C2DB77C9}"
EndProject
Project("{FAE04EC0-301F-11D3-BF4B-00C04F79EFBC}") = "Tyuiu.GutsuAV.Sprint3.Task0.V11.Lib", "Tyuiu.GutsuAV.Sprint3.Task0.V11.Lib\Tyuiu.GutsuAV.Sprint3.Task0.V11.Lib.csproj", "{F53516E3-6EC7-4B16-89DE-A8160EB6E6FD}"
EndProject
Project("{FAE04EC0-301F-11D3-BF4B-00C04F79EFBC}") = "Tyuiu.GutsuAV.Sprint3.Task0.V11.Test", "Tyuiu.GutsuAV.Sprint3.Task0.V11.Test\Tyuiu.GutsuAV.Sprint3.Task0.V11.Test.csproj", "{520DAB35-D035-460B-A43C-BF0E7863AD5C}"
EndProject
Project("{2150E333-8FDC-42A3-9474-1A3956D46DE8}") = "Task1", "Task1", "{850E51C5-0763-4F0C-A86E-6016D11272E2}"
EndProject
Project("{FAE04EC0-301F-11D3-BF4B-00C04F79EFBC}") = "Tyuiu.GutsuAV.Sprint3.Task1.V30", "Tyuiu.GutsuAV.Sprint3.Task1.V30\Tyuiu.GutsuAV.Sprint3.Task1.V30.csproj", "{CCE1DF8E-CBC8-4EA4-AA3B-E607AC1C9A9A}"
EndProject
Project("{FAE04EC0-301F-11D3-BF4B-00C04F79EFBC}") = "Tyuiu.GutsuAV.Sprint3.Task1.V30.Lib", "Tyuiu.GutsuAV.Sprint3.Task1.V30.Lib\Tyuiu.GutsuAV.Sprint3.Task1.V30.Lib.csproj", "{1FCE3948-F9EC-418E-A3B1-717EA0EB9041}"
EndProject
Project("{FAE04EC0-301F-11D3-BF4B-00C04F79EFBC}") = "Tyuiu.GutsuAV.Sprint3.Task1.V30.Test", "Tyuiu.GutsuAV.Sprint3.Task1.V30.Test\Tyuiu.GutsuAV.Sprint3.Task1.V30.Test.csproj", "{394F34AD-999F-4BDD-AA8A-AD9A1460C276}"
EndProject
Project("{2150E333-8FDC-42A3-9474-1A3956D46DE8}") = "Task2", "Task2", "{7B5A74C4-81B6-41C9-8689-C795F4A844A4}"
EndProject
Project("{FAE04EC0-301F-11D3-BF4B-00C04F79EFBC}") = "Tyuiu.GutsuAV.Sprint3.Task2.V26", "Tyuiu.GutsuAV.Sprint3.Task2.V26\Tyuiu.GutsuAV.Sprint3.Task2.V26.csproj", "{993A5EDE-4CEB-4A04-A937-9EA5DAD13190}"
EndProject
Project("{FAE04EC0-301F-11D3-BF4B-00C04F79EFBC}") = "Tyuiu.GutsuAV.Sprint3.Task2.V26.Lib", "Tyuiu.GutsuAV.Sprint3.Task2.V26.Lib\Tyuiu.GutsuAV.Sprint3.Task2.V26.Lib.csproj", "{44B68156-61AB-4019-9D76-CF6ADF297202}"
EndProject
Project("{FAE04EC0-301F-11D3-BF4B-00C04F79EFBC}") = "Tyuiu.GutsuAV.Sprint3.Task2.V26.Test", "Tyuiu.GutsuAV.Sprint3.Task2.V26.Test\Tyuiu.GutsuAV.Sprint3.Task2.V26.Test.csproj", "{93496E87-AA40-4305-8E84-D2635B6AE645}"
EndProject
Project("{2150E333-8FDC-42A3-9474-1A3956D46DE8}") = "Task3", "Task3", "{3066CE56-B8CD-4E7A-8456-D814A2BD5EDF}"
EndProject
Project("{FAE04EC0-301F-11D3-BF4B-00C04F79EFBC}") = "Tyuiu.GutsuAV.Sprint3.Task3.V26", "Tyuiu.GutsuAV.Sprint3.Task3.V26\Tyuiu.GutsuAV.Sprint3.Task3.V26.csproj", "{0E76AFBF-B3A6-49B2-9751-CD08A2823CE5}"
EndProject
Project("{FAE04EC0-301F-11D3-BF4B-00C04F79EFBC}") = "Tyuiu.GutsuAV.Sprint3.Task3.V26.Lib", "Tyuiu.GutsuAV.Sprint3.Task3.V26.Lib\Tyuiu.GutsuAV.Sprint3.Task3.V26.Lib.csproj", "{235253B1-1CF1-4661-B6D7-E51B717E6430}"
EndProject
Project("{FAE04EC0-301F-11D3-BF4B-00C04F79EFBC}") = "Tyuiu.GutsuAV.Sprint3.Task3.V26.Test", "Tyuiu.GutsuAV.Sprint3.Task3.V26.Test\Tyuiu.GutsuAV.Sprint3.Task3.V26.Test.csproj", "{970617C1-D156-4528-A4F8-6D8C8B7A4B39}"
EndProject
Project("{2150E333-8FDC-42A3-9474-1A3956D46DE8}") = "Task4", "Task4", "{9A16F2C1-14A1-449C-B39C-DCB535DDFE8F}"
EndProject
Project("{FAE04EC0-301F-11D3-BF4B-00C04F79EFBC}") = "Tyuiu.GutsuAV.Sprint3.Task4.V11", "Tyuiu.GutsuAV.Sprint3.Task4.V11\Tyuiu.GutsuAV.Sprint3.Task4.V11.csproj", "{0F2E97E7-BB9D-4196-9F0B-8C45A7509BFE}"
EndProject
Project("{FAE04EC0-301F-11D3-BF4B-00C04F79EFBC}") = "Tyuiu.GutsuAV.Sprint3.Task4.V11.Lib", "Tyuiu.GutsuAV.Sprint3.Task4.V11.Lib\Tyuiu.GutsuAV.Sprint3.Task4.V11.Lib.csproj", "{5D26D52F-1EA3-4E9A-9C5B-E2D1D5160F10}"
EndProject
Project("{FAE04EC0-301F-11D3-BF4B-00C04F79EFBC}") = "Tyuiu.GutsuAV.Sprint3.Task4.V11.Test", "Tyuiu.GutsuAV.Sprint3.Task4.V11.Test\Tyuiu.GutsuAV.Sprint3.Task4.V11.Test.csproj", "{8B80A970-9E7F-4F10-8560-31CA696EC9D3}"
EndProject
Project("{2150E333-8FDC-42A3-9474-1A3956D46DE8}") = "Task5", "Task5", "{A5343B12-5FB6-4067-9BA1-5C44714FD914}"
EndProject
Project("{FAE04EC0-301F-11D3-BF4B-00C04F79EFBC}") = "Tyuiu.GutsuAV.Sprint3.Task5.V2", "Tyuiu.GutsuAV.Sprint3.Task5.V2\Tyuiu.GutsuAV.Sprint3.Task5.V2.csproj", "{EC65D290-BAAB-4D13-A6E2-A4DE023B99A8}"
EndProject
Project("{FAE04EC0-301F-11D3-BF4B-00C04F79EFBC}") = "Tyuiu.GutsuAV.Sprint3.Task5.V2.Lib", "Tyuiu.GutsuAV.Sprint3.Task5.V2.Lib\Tyuiu.GutsuAV.Sprint3.Task5.V2.Lib.csproj", "{4A883EB6-A393-4A47-8A62-985A594ABD5E}"
EndProject
Project("{FAE04EC0-301F-11D3-BF4B-00C04F79EFBC}") = "Tyuiu.GutsuAV.Sprint3.Task5.V2.Test", "Tyuiu.GutsuAV.Sprint3.Task5.V2.Text\Tyuiu.GutsuAV.Sprint3.Task5.V2.Test.csproj", "{6320BFCE-64B1-4251-875D-8DF2A06B3107}"
EndProject
Project("{2150E333-8FDC-42A3-9474-1A3956D46DE8}") = "Task6", "Task6", "{CFC70F2D-41BC-4408-9FF8-3B19DE65C4A6}"
EndProject
Project("{FAE04EC0-301F-11D3-BF4B-00C04F79EFBC}") = "Tyuiu.GutsuAV.Sprint3.Task6.V1", "Tyuiu.GutsuAV.Sprint3.Task6.V1\Tyuiu.GutsuAV.Sprint3.Task6.V1.csproj", "{A2C6B6F1-9E0C-4452-BBBD-E7D3472C39E9}"
EndProject
Project("{FAE04EC0-301F-11D3-BF4B-00C04F79EFBC}") = "Tyuiu.GutsuAV.Sprint3.Task6.V1.Lib", "Tyuiu.GutsuAV.Sprint3.Task6.V1.Lib\Tyuiu.GutsuAV.Sprint3.Task6.V1.Lib.csproj", "{24AC27AD-BBD5-421E-88EB-5F9B55F3175C}"
EndProject
Project("{FAE04EC0-301F-11D3-BF4B-00C04F79EFBC}") = "Tyuiu.GutsuAV.Sprint3.Task6.V1.Test", "Tyuiu.GutsuAV.Sprint3.Task6.V1.Test\Tyuiu.GutsuAV.Sprint3.Task6.V1.Test.csproj", "{0D27085C-C7AD-44C3-B884-DB3079CFF562}"
EndProject
Project("{2150E333-8FDC-42A3-9474-1A3956D46DE8}") = "Task7", "Task7", "{4FBF65F4-EE3A-4E12-B80D-95B11CEDD792}"
EndProject
Project("{FAE04EC0-301F-11D3-BF4B-00C04F79EFBC}") = "Tyuiu.GutsuAV.Sprint3.Task7.V10", "Tyuiu.GutsuAV.Sprint3.Task7.V10\Tyuiu.GutsuAV.Sprint3.Task7.V10.csproj", "{A1A08DDB-6875-4393-8A58-888D425EA37F}"
EndProject
Project("{FAE04EC0-301F-11D3-BF4B-00C04F79EFBC}") = "Tyuiu.GutsuAV.Sprint3.Task7.V10.Lib", "Tyuiu.GutsuAV.Sprint3.Task7.V10.Lib\Tyuiu.GutsuAV.Sprint3.Task7.V10.Lib.csproj", "{96BDBB9C-3627-479A-AB40-139BEFACEEE1}"
EndProject
Project("{FAE04EC0-301F-11D3-BF4B-00C04F79EFBC}") = "Tyuiu.GutsuAV.Sprint3.Task7.V10.Test", "Tyuiu.GutsuAV.Sprint3.Task7.V10.Test\Tyuiu.GutsuAV.Sprint3.Task7.V10.Test.csproj", "{40DFB6B5-FD55-414D-A872-778BC0A227C1}"
EndProject
Global
	GlobalSection(SolutionConfigurationPlatforms) = preSolution
		Debug|Any CPU = Debug|Any CPU
		Release|Any CPU = Release|Any CPU
	EndGlobalSection
	GlobalSection(ProjectConfigurationPlatforms) = postSolution
		{066C70F3-BA7E-4052-A8B4-0506C2DB77C9}.Debug|Any CPU.ActiveCfg = Debug|Any CPU
		{066C70F3-BA7E-4052-A8B4-0506C2DB77C9}.Debug|Any CPU.Build.0 = Debug|Any CPU
		{066C70F3-BA7E-4052-A8B4-0506C2DB77C9}.Release|Any CPU.ActiveCfg = Release|Any CPU
		{066C70F3-BA7E-4052-A8B4-0506C2DB77C9}.Release|Any CPU.Build.0 = Release|Any CPU
		{F53516E3-6EC7-4B16-89DE-A8160EB6E6FD}.Debug|Any CPU.ActiveCfg = Debug|Any CPU
		{F53516E3-6EC7-4B16-89DE-A8160EB6E6FD}.Debug|Any CPU.Build.0 = Debug|Any CPU
		{F53516E3-6EC7-4B16-89DE-A8160EB6E6FD}.Release|Any CPU.ActiveCfg = Release|Any CPU
		{F53516E3-6EC7-4B16-89DE-A8160EB6E6FD}.Release|Any CPU.Build.0 = Release|Any CPU
		{520DAB35-D035-460B-A43C-BF0E7863AD5C}.Debug|Any CPU.ActiveCfg = Debug|Any CPU
		{520DAB35-D035-460B-A43C-BF0E7863AD5C}.Debug|Any CPU.Build.0 = Debug|Any CPU
		{520DAB35-D035-460B-A43C-BF0E7863AD5C}.Release|Any CPU.ActiveCfg = Release|Any CPU
		{520DAB35-D035-460B-A43C-BF0E7863AD5C}.Release|Any CPU.Build.0 = Release|Any CPU
		{CCE1DF8E-CBC8-4EA4-AA3B-E607AC1C9A9A}.Debug|Any CPU.ActiveCfg = Debug|Any CPU
		{CCE1DF8E-CBC8-4EA4-AA3B-E607AC1C9A9A}.Debug|Any CPU.Build.0 = Debug|Any CPU
		{CCE1DF8E-CBC8-4EA4-AA3B-E607AC1C9A9A}.Release|Any CPU.ActiveCfg = Release|Any CPU
		{CCE1DF8E-CBC8-4EA4-AA3B-E607AC1C9A9A}.Release|Any CPU.Build.0 = Release|Any CPU
		{1FCE3948-F9EC-418E-A3B1-717EA0EB9041}.Debug|Any CPU.ActiveCfg = Debug|Any CPU
		{1FCE3948-F9EC-418E-A3B1-717EA0EB9041}.Debug|Any CPU.Build.0 = Debug|Any CPU
		{1FCE3948-F9EC-418E-A3B1-717EA0EB9041}.Release|Any CPU.ActiveCfg = Release|Any CPU
		{1FCE3948-F9EC-418E-A3B1-717EA0EB9041}.Release|Any CPU.Build.0 = Release|Any CPU
		{394F34AD-999F-4BDD-AA8A-AD9A1460C276}.Debug|Any CPU.ActiveCfg = Debug|Any CPU
		{394F34AD-999F-4BDD-AA8A-AD9A1460C276}.Debug|Any CPU.Build.0 = Debug|Any CPU
		{394F34AD-999F-4BDD-AA8A-AD9A1460C276}.Release|Any CPU.ActiveCfg = Release|Any CPU
		{394F34AD-999F-4BDD-AA8A-AD9A1460C276}.Release|Any CPU.Build.0 = Release|Any CPU
		{993A5EDE-4CEB-4A04-A937-9EA5DAD13190}.Debug|Any CPU.ActiveCfg = Debug|Any CPU
		{993A5EDE-4CEB-4A04-A937-9EA5DAD13190}.Debug|Any CPU.Build.0 = Debug|Any CPU
		{993A5EDE-4CEB-4A04-A937-9EA5DAD13190}.Release|Any CPU.ActiveCfg = Release|Any CPU
		{993A5EDE-4CEB-4A04-A937-9EA5DAD13190}.Release|Any CPU.Build.0 = Release|Any CPU
		{44B68156-61AB-4019-9D76-CF6ADF297202}.Debug|Any CPU.ActiveCfg = Debug|Any CPU
		{44B68156-61AB-4019-9D76-CF6ADF297202}.Debug|Any CPU.Build.0 = Debug|Any CPU
		{44B68156-61AB-4019-9D76-CF6ADF297202}.Release|Any CPU.ActiveCfg = Release|Any CPU
		{44B68156-61AB-4019-9D76-CF6ADF297202}.Release|Any CPU.Build.0 = Release|Any CPU
		{93496E87-AA40-4305-8E84-D2635B6AE645}.Debug|Any CPU.ActiveCfg = Debug|Any CPU
		{93496E87-AA40-4305-8E84-D2635B6AE645}.Debug|Any CPU.Build.0 = Debug|Any CPU
		{93496E87-AA40-4305-8E84-D2635B6AE645}.Release|Any CPU.ActiveCfg = Release|Any CPU
		{93496E87-AA40-4305-8E84-D2635B6AE645}.Release|Any CPU.Build.0 = Release|Any CPU
		{0E76AFBF-B3A6-49B2-9751-CD08A2823CE5}.Debug|Any CPU.ActiveCfg = Debug|Any CPU
		{0E76AFBF-B3A6-49B2-9751-CD08A2823CE5}.Debug|Any CPU.Build.0 = Debug|Any CPU
		{0E76AFBF-B3A6-49B2-9751-CD08A2823CE5}.Release|Any CPU.ActiveCfg = Release|Any CPU
		{0E76AFBF-B3A6-49B2-9751-CD08A2823CE5}.Release|Any CPU.Build.0 = Release|Any CPU
		{235253B1-1CF1-4661-B6D7-E51B717E6430}.Debug|Any CPU.ActiveCfg = Debug|Any CPU
		{235253B1-1CF1-4661-B6D7-E51B717E6430}.Debug|Any CPU.Build.0 = Debug|Any CPU
		{235253B1-1CF1-4661-B6D7-E51B717E6430}.Release|Any CPU.ActiveCfg = Release|Any CPU
		{235253B1-1CF1-4661-B6D7-E51B717E6430}.Release|Any CPU.Build.0 = Release|Any CPU
		{970617C1-D156-4528-A4F8-6D8C8B7A4B39}.Debug|Any CPU.ActiveCfg = Debug|Any CPU
		{970617C1-D156-4528-A4F8-6D8C8B7A4B39}.Debug|Any CPU.Build.0 = Debug|Any CPU
		{970617C1-D156-4528-A4F8-6D8C8B7A4B39}.Release|Any CPU.ActiveCfg = Release|Any CPU
		{970617C1-D156-4528-A4F8-6D8C8B7A4B39}.Release|Any CPU.Build.0 = Release|Any CPU
		{0F2E97E7-BB9D-4196-9F0B-8C45A7509BFE}.Debug|Any CPU.ActiveCfg = Debug|Any CPU
		{0F2E97E7-BB9D-4196-9F0B-8C45A7509BFE}.Debug|Any CPU.Build.0 = Debug|Any CPU
		{0F2E97E7-BB9D-4196-9F0B-8C45A7509BFE}.Release|Any CPU.ActiveCfg = Release|Any CPU
		{0F2E97E7-BB9D-4196-9F0B-8C45A7509BFE}.Release|Any CPU.Build.0 = Release|Any CPU
		{5D26D52F-1EA3-4E9A-9C5B-E2D1D5160F10}.Debug|Any CPU.ActiveCfg = Debug|Any CPU
		{5D26D52F-1EA3-4E9A-9C5B-E2D1D5160F10}.Debug|Any CPU.Build.0 = Debug|Any CPU
		{5D26D52F-1EA3-4E9A-9C5B-E2D1D5160F10}.Release|Any CPU.ActiveCfg = Release|Any CPU
		{5D26D52F-1EA3-4E9A-9C5B-E2D1D5160F10}.Release|Any CPU.Build.0 = Release|Any CPU
		{8B80A970-9E7F-4F10-8560-31CA696EC9D3}.Debug|Any CPU.ActiveCfg = Debug|Any CPU
		{8B80A970-9E7F-4F10-8560-31CA696EC9D3}.Debug|Any CPU.Build.0 = Debug|Any CPU
		{8B80A970-9E7F-4F10-8560-31CA696EC9D3}.Release|Any CPU.ActiveCfg = Release|Any CPU
		{8B80A970-9E7F-4F10-8560-31CA696EC9D3}.Release|Any CPU.Build.0 = Release|Any CPU
		{EC65D290-BAAB-4D13-A6E2-A4DE023B99A8}.Debug|Any CPU.ActiveCfg = Debug|Any CPU
		{EC65D290-BAAB-4D13-A6E2-A4DE023B99A8}.Debug|Any CPU.Build.0 = Debug|Any CPU
		{EC65D290-BAAB-4D13-A6E2-A4DE023B99A8}.Release|Any CPU.ActiveCfg = Release|Any CPU
		{EC65D290-BAAB-4D13-A6E2-A4DE023B99A8}.Release|Any CPU.Build.0 = Release|Any CPU
		{4A883EB6-A393-4A47-8A62-985A594ABD5E}.Debug|Any CPU.ActiveCfg = Debug|Any CPU
		{4A883EB6-A393-4A47-8A62-985A594ABD5E}.Debug|Any CPU.Build.0 = Debug|Any CPU
		{4A883EB6-A393-4A47-8A62-985A594ABD5E}.Release|Any CPU.ActiveCfg = Release|Any CPU
		{4A883EB6-A393-4A47-8A62-985A594ABD5E}.Release|Any CPU.Build.0 = Release|Any CPU
		{6320BFCE-64B1-4251-875D-8DF2A06B3107}.Debug|Any CPU.ActiveCfg = Debug|Any CPU
		{6320BFCE-64B1-4251-875D-8DF2A06B3107}.Debug|Any CPU.Build.0 = Debug|Any CPU
		{6320BFCE-64B1-4251-875D-8DF2A06B3107}.Release|Any CPU.ActiveCfg = Release|Any CPU
		{6320BFCE-64B1-4251-875D-8DF2A06B3107}.Release|Any CPU.Build.0 = Release|Any CPU
		{A2C6B6F1-9E0C-4452-BBBD-E7D3472C39E9}.Debug|Any CPU.ActiveCfg = Debug|Any CPU
		{A2C6B6F1-9E0C-4452-BBBD-E7D3472C39E9}.Debug|Any CPU.Build.0 = Debug|Any CPU
		{A2C6B6F1-9E0C-4452-BBBD-E7D3472C39E9}.Release|Any CPU.ActiveCfg = Release|Any CPU
		{A2C6B6F1-9E0C-4452-BBBD-E7D3472C39E9}.Release|Any CPU.Build.0 = Release|Any CPU
		{24AC27AD-BBD5-421E-88EB-5F9B55F3175C}.Debug|Any CPU.ActiveCfg = Debug|Any CPU
		{24AC27AD-BBD5-421E-88EB-5F9B55F3175C}.Debug|Any CPU.Build.0 = Debug|Any CPU
		{24AC27AD-BBD5-421E-88EB-5F9B55F3175C}.Release|Any CPU.ActiveCfg = Release|Any CPU
		{24AC27AD-BBD5-421E-88EB-5F9B55F3175C}.Release|Any CPU.Build.0 = Release|Any CPU
		{0D27085C-C7AD-44C3-B884-DB3079CFF562}.Debug|Any CPU.ActiveCfg = Debug|Any CPU
		{0D27085C-C7AD-44C3-B884-DB3079CFF562}.Debug|Any CPU.Build.0 = Debug|Any CPU
		{0D27085C-C7AD-44C3-B884-DB3079CFF562}.Release|Any CPU.ActiveCfg = Release|Any CPU
		{0D27085C-C7AD-44C3-B884-DB3079CFF562}.Release|Any CPU.Build.0 = Release|Any CPU
		{A1A08DDB-6875-4393-8A58-888D425EA37F}.Debug|Any CPU.ActiveCfg = Debug|Any CPU
		{A1A08DDB-6875-4393-8A58-888D425EA37F}.Debug|Any CPU.Build.0 = Debug|Any CPU
		{A1A08DDB-6875-4393-8A58-888D425EA37F}.Release|Any CPU.ActiveCfg = Release|Any CPU
		{A1A08DDB-6875-4393-8A58-888D425EA37F}.Release|Any CPU.Build.0 = Release|Any CPU
		{96BDBB9C-3627-479A-AB40-139BEFACEEE1}.Debug|Any CPU.ActiveCfg = Debug|Any CPU
		{96BDBB9C-3627-479A-AB40-139BEFACEEE1}.Debug|Any CPU.Build.0 = Debug|Any CPU
		{96BDBB9C-3627-479A-AB40-139BEFACEEE1}.Release|Any CPU.ActiveCfg = Release|Any CPU
		{96BDBB9C-3627-479A-AB40-139BEFACEEE1}.Release|Any CPU.Build.0 = Release|Any CPU
		{40DFB6B5-FD55-414D-A872-778BC0A227C1}.Debug|Any CPU.ActiveCfg = Debug|Any CPU
		{40DFB6B5-FD55-414D-A872-778BC0A227C1}.Debug|Any CPU.Build.0 = Debug|Any CPU
		{40DFB6B5-FD55-414D-A872-778BC0A227C1}.Release|Any CPU.ActiveCfg = Release|Any CPU
		{40DFB6B5-FD55-414D-A872-778BC0A227C1}.Release|Any CPU.Build.0 = Release|Any CPU
	EndGlobalSection
	GlobalSection(SolutionProperties) = preSolution
		HideSolutionNode = FALSE
	EndGlobalSection
	GlobalSection(NestedProjects) = preSolution
		{066C70F3-BA7E-4052-A8B4-0506C2DB77C9} = {86F484D9-7B38-4208-9437-F65C5686FF0A}
		{F53516E3-6EC7-4B16-89DE-A8160EB6E6FD} = {86F484D9-7B38-4208-9437-F65C5686FF0A}
		{520DAB35-D035-460B-A43C-BF0E7863AD5C} = {86F484D9-7B38-4208-9437-F65C5686FF0A}
		{CCE1DF8E-CBC8-4EA4-AA3B-E607AC1C9A9A} = {850E51C5-0763-4F0C-A86E-6016D11272E2}
		{1FCE3948-F9EC-418E-A3B1-717EA0EB9041} = {850E51C5-0763-4F0C-A86E-6016D11272E2}
		{394F34AD-999F-4BDD-AA8A-AD9A1460C276} = {850E51C5-0763-4F0C-A86E-6016D11272E2}
		{993A5EDE-4CEB-4A04-A937-9EA5DAD13190} = {7B5A74C4-81B6-41C9-8689-C795F4A844A4}
		{44B68156-61AB-4019-9D76-CF6ADF297202} = {7B5A74C4-81B6-41C9-8689-C795F4A844A4}
		{93496E87-AA40-4305-8E84-D2635B6AE645} = {7B5A74C4-81B6-41C9-8689-C795F4A844A4}
		{0E76AFBF-B3A6-49B2-9751-CD08A2823CE5} = {3066CE56-B8CD-4E7A-8456-D814A2BD5EDF}
		{235253B1-1CF1-4661-B6D7-E51B717E6430} = {3066CE56-B8CD-4E7A-8456-D814A2BD5EDF}
		{970617C1-D156-4528-A4F8-6D8C8B7A4B39} = {3066CE56-B8CD-4E7A-8456-D814A2BD5EDF}
		{0F2E97E7-BB9D-4196-9F0B-8C45A7509BFE} = {9A16F2C1-14A1-449C-B39C-DCB535DDFE8F}
		{5D26D52F-1EA3-4E9A-9C5B-E2D1D5160F10} = {9A16F2C1-14A1-449C-B39C-DCB535DDFE8F}
		{8B80A970-9E7F-4F10-8560-31CA696EC9D3} = {9A16F2C1-14A1-449C-B39C-DCB535DDFE8F}
		{EC65D290-BAAB-4D13-A6E2-A4DE023B99A8} = {A5343B12-5FB6-4067-9BA1-5C44714FD914}
		{4A883EB6-A393-4A47-8A62-985A594ABD5E} = {A5343B12-5FB6-4067-9BA1-5C44714FD914}
		{6320BFCE-64B1-4251-875D-8DF2A06B3107} = {A5343B12-5FB6-4067-9BA1-5C44714FD914}
		{A2C6B6F1-9E0C-4452-BBBD-E7D3472C39E9} = {CFC70F2D-41BC-4408-9FF8-3B19DE65C4A6}
		{24AC27AD-BBD5-421E-88EB-5F9B55F3175C} = {CFC70F2D-41BC-4408-9FF8-3B19DE65C4A6}
		{0D27085C-C7AD-44C3-B884-DB3079CFF562} = {CFC70F2D-41BC-4408-9FF8-3B19DE65C4A6}
		{A1A08DDB-6875-4393-8A58-888D425EA37F} = {4FBF65F4-EE3A-4E12-B80D-95B11CEDD792}
		{96BDBB9C-3627-479A-AB40-139BEFACEEE1} = {4FBF65F4-EE3A-4E12-B80D-95B11CEDD792}
		{40DFB6B5-FD55-414D-A872-778BC0A227C1} = {4FBF65F4-EE3A-4E12-B80D-95B11CEDD792}
	EndGlobalSection
	GlobalSection(ExtensibilityGlobals) = postSolution
		SolutionGuid = {A1ED1D4A-DB7F-4B13-BFF0-ABFC89AAF7CD}
	EndGlobalSection
EndGlobal
